
Microsoft Visual Studio Solution File, Format Version 12.00
# Visual Studio Version 17
VisualStudioVersion = 17.1.32407.343
MinimumVisualStudioVersion = 10.0.40219.1
Project("{9A19103F-16F7-4668-BE54-9A1E7A4F7556}") = "CryptoValiza.Exchanges", "CryptoValiza\CryptoValiza.Exchanges.csproj", "{709A762C-BD31-4A72-8E1D-B9008663A8C1}"
EndProject
Project("{9A19103F-16F7-4668-BE54-9A1E7A4F7556}") = "Binance", "Integrations\Binance\Binance.csproj", "{65D2C27F-6364-418F-A297-0C72BDFEEBC6}"
EndProject
Project("{9A19103F-16F7-4668-BE54-9A1E7A4F7556}") = "Models", "Models\Models.csproj", "{1B7EAE25-EC60-46F1-98B3-CDDD283BF118}"
EndProject
Project("{9A19103F-16F7-4668-BE54-9A1E7A4F7556}") = "Kuna", "Integrations\Kuna\Kuna.csproj", "{F700D97D-F885-410C-9B57-F1C7F7DF8F53}"
EndProject
Project("{9A19103F-16F7-4668-BE54-9A1E7A4F7556}") = "Common", "Common\Common.csproj", "{762DA4DC-6232-446A-944E-78E4C4501427}"
EndProject
Project("{2150E333-8FDC-42A3-9474-1A3956D46DE8}") = "Integrations", "Integrations", "{85EA3641-0FA8-4C14-BAA3-3F6970BB0683}"
EndProject
Project("{9A19103F-16F7-4668-BE54-9A1E7A4F7556}") = "Common.Tests", "Common.Tests\Common.Tests.csproj", "{E7BA3145-D88A-446C-BD0E-1CCF607D12B2}"
EndProject
Project("{FAE04EC0-301F-11D3-BF4B-00C04F79EFBC}") = "Services", "Services\Services.csproj", "{0030CDBE-BEF6-4622-9667-AD288B295874}"
EndProject
Global
	GlobalSection(SolutionConfigurationPlatforms) = preSolution
		Debug|Any CPU = Debug|Any CPU
		Release|Any CPU = Release|Any CPU
	EndGlobalSection
	GlobalSection(ProjectConfigurationPlatforms) = postSolution
		{709A762C-BD31-4A72-8E1D-B9008663A8C1}.Debug|Any CPU.ActiveCfg = Debug|Any CPU
		{709A762C-BD31-4A72-8E1D-B9008663A8C1}.Debug|Any CPU.Build.0 = Debug|Any CPU
		{709A762C-BD31-4A72-8E1D-B9008663A8C1}.Release|Any CPU.ActiveCfg = Release|Any CPU
		{709A762C-BD31-4A72-8E1D-B9008663A8C1}.Release|Any CPU.Build.0 = Release|Any CPU
		{65D2C27F-6364-418F-A297-0C72BDFEEBC6}.Debug|Any CPU.ActiveCfg = Debug|Any CPU
		{65D2C27F-6364-418F-A297-0C72BDFEEBC6}.Debug|Any CPU.Build.0 = Debug|Any CPU
		{65D2C27F-6364-418F-A297-0C72BDFEEBC6}.Release|Any CPU.ActiveCfg = Release|Any CPU
		{65D2C27F-6364-418F-A297-0C72BDFEEBC6}.Release|Any CPU.Build.0 = Release|Any CPU
		{1B7EAE25-EC60-46F1-98B3-CDDD283BF118}.Debug|Any CPU.ActiveCfg = Debug|Any CPU
		{1B7EAE25-EC60-46F1-98B3-CDDD283BF118}.Debug|Any CPU.Build.0 = Debug|Any CPU
		{1B7EAE25-EC60-46F1-98B3-CDDD283BF118}.Release|Any CPU.ActiveCfg = Release|Any CPU
		{1B7EAE25-EC60-46F1-98B3-CDDD283BF118}.Release|Any CPU.Build.0 = Release|Any CPU
		{F700D97D-F885-410C-9B57-F1C7F7DF8F53}.Debug|Any CPU.ActiveCfg = Debug|Any CPU
		{F700D97D-F885-410C-9B57-F1C7F7DF8F53}.Debug|Any CPU.Build.0 = Debug|Any CPU
		{F700D97D-F885-410C-9B57-F1C7F7DF8F53}.Release|Any CPU.ActiveCfg = Release|Any CPU
		{F700D97D-F885-410C-9B57-F1C7F7DF8F53}.Release|Any CPU.Build.0 = Release|Any CPU
		{762DA4DC-6232-446A-944E-78E4C4501427}.Debug|Any CPU.ActiveCfg = Debug|Any CPU
		{762DA4DC-6232-446A-944E-78E4C4501427}.Debug|Any CPU.Build.0 = Debug|Any CPU
		{762DA4DC-6232-446A-944E-78E4C4501427}.Release|Any CPU.ActiveCfg = Release|Any CPU
		{762DA4DC-6232-446A-944E-78E4C4501427}.Release|Any CPU.Build.0 = Release|Any CPU
		{E7BA3145-D88A-446C-BD0E-1CCF607D12B2}.Debug|Any CPU.ActiveCfg = Debug|Any CPU
		{E7BA3145-D88A-446C-BD0E-1CCF607D12B2}.Debug|Any CPU.Build.0 = Debug|Any CPU
		{E7BA3145-D88A-446C-BD0E-1CCF607D12B2}.Release|Any CPU.ActiveCfg = Release|Any CPU
		{E7BA3145-D88A-446C-BD0E-1CCF607D12B2}.Release|Any CPU.Build.0 = Release|Any CPU
		{0030CDBE-BEF6-4622-9667-AD288B295874}.Debug|Any CPU.ActiveCfg = Debug|Any CPU
		{0030CDBE-BEF6-4622-9667-AD288B295874}.Debug|Any CPU.Build.0 = Debug|Any CPU
		{0030CDBE-BEF6-4622-9667-AD288B295874}.Release|Any CPU.ActiveCfg = Release|Any CPU
		{0030CDBE-BEF6-4622-9667-AD288B295874}.Release|Any CPU.Build.0 = Release|Any CPU
	EndGlobalSection
	GlobalSection(SolutionProperties) = preSolution
		HideSolutionNode = FALSE
	EndGlobalSection
	GlobalSection(NestedProjects) = preSolution
		{65D2C27F-6364-418F-A297-0C72BDFEEBC6} = {85EA3641-0FA8-4C14-BAA3-3F6970BB0683}
		{F700D97D-F885-410C-9B57-F1C7F7DF8F53} = {85EA3641-0FA8-4C14-BAA3-3F6970BB0683}
	EndGlobalSection
	GlobalSection(ExtensibilityGlobals) = postSolution
		SolutionGuid = {167226CE-075D-42B8-A240-DE38B9E4DBF9}
	EndGlobalSection
EndGlobal
