
Microsoft Visual Studio Solution File, Format Version 12.00
# Visual Studio Version 17
VisualStudioVersion = 17.11.35222.181
MinimumVisualStudioVersion = 10.0.40219.1
Project("{9A19103F-16F7-4668-BE54-9A1E7A4F7556}") = "Client", "Client\Client.csproj", "{5AE81182-8DE8-4960-A46E-8076CF6271EE}"
EndProject
Project("{2150E333-8FDC-42A3-9474-1A3956D46DE8}") = "Integrations", "Integrations", "{4E1285FC-21DC-4F7E-981B-79F3BB923C9E}"
EndProject
Project("{9A19103F-16F7-4668-BE54-9A1E7A4F7556}") = "Binance", "Integrations\Binance\Binance.csproj", "{CFB1F51C-A258-4222-8E43-9E3873D496A0}"
EndProject
Project("{9A19103F-16F7-4668-BE54-9A1E7A4F7556}") = "ByBit", "Integrations\ByBit\ByBit.csproj", "{1680655E-494A-43D4-AB44-3EDD6E11D853}"
EndProject
Project("{9A19103F-16F7-4668-BE54-9A1E7A4F7556}") = "Kuna", "Integrations\Kuna\Kuna.csproj", "{2A64DBAD-BE0E-4379-9A37-0A083A78347B}"
EndProject
Project("{9A19103F-16F7-4668-BE54-9A1E7A4F7556}") = "WhiteBit", "Integrations\WhiteBit\WhiteBit.csproj", "{AE59AF67-4F6A-4EF7-9AB7-ACD7639C3139}"
EndProject
Project("{FAE04EC0-301F-11D3-BF4B-00C04F79EFBC}") = "Common", "Common\Common.csproj", "{C4927C11-B8CD-43C1-B3CF-A5227F318DCB}"
EndProject
Project("{FAE04EC0-301F-11D3-BF4B-00C04F79EFBC}") = "Models", "Models\Models.csproj", "{78820D39-5896-42B6-87DC-6BBD943BC1D0}"
EndProject
Project("{FAE04EC0-301F-11D3-BF4B-00C04F79EFBC}") = "Services", "Services\Services.csproj", "{59B12579-9377-4E5D-8783-2F308EA2566A}"
EndProject
Project("{FAE04EC0-301F-11D3-BF4B-00C04F79EFBC}") = "Common.Tests", "Common.Tests\Common.Tests.csproj", "{412C28F3-C7EA-4EAB-AF10-C8F99E03DA26}"
EndProject
Project("{FAE04EC0-301F-11D3-BF4B-00C04F79EFBC}") = "Client.Tests", "Client.Tests\Client.Tests.csproj", "{DA08453C-D101-4A34-9893-D36BC8B41B22}"
EndProject
Global
	GlobalSection(SolutionConfigurationPlatforms) = preSolution
		Debug|Any CPU = Debug|Any CPU
		Release|Any CPU = Release|Any CPU
	EndGlobalSection
	GlobalSection(ProjectConfigurationPlatforms) = postSolution
		{5AE81182-8DE8-4960-A46E-8076CF6271EE}.Debug|Any CPU.ActiveCfg = Debug|Any CPU
		{5AE81182-8DE8-4960-A46E-8076CF6271EE}.Debug|Any CPU.Build.0 = Debug|Any CPU
		{5AE81182-8DE8-4960-A46E-8076CF6271EE}.Release|Any CPU.ActiveCfg = Release|Any CPU
		{5AE81182-8DE8-4960-A46E-8076CF6271EE}.Release|Any CPU.Build.0 = Release|Any CPU
		{CFB1F51C-A258-4222-8E43-9E3873D496A0}.Debug|Any CPU.ActiveCfg = Debug|Any CPU
		{CFB1F51C-A258-4222-8E43-9E3873D496A0}.Debug|Any CPU.Build.0 = Debug|Any CPU
		{CFB1F51C-A258-4222-8E43-9E3873D496A0}.Release|Any CPU.ActiveCfg = Release|Any CPU
		{CFB1F51C-A258-4222-8E43-9E3873D496A0}.Release|Any CPU.Build.0 = Release|Any CPU
		{1680655E-494A-43D4-AB44-3EDD6E11D853}.Debug|Any CPU.ActiveCfg = Debug|Any CPU
		{1680655E-494A-43D4-AB44-3EDD6E11D853}.Debug|Any CPU.Build.0 = Debug|Any CPU
		{1680655E-494A-43D4-AB44-3EDD6E11D853}.Release|Any CPU.ActiveCfg = Release|Any CPU
		{1680655E-494A-43D4-AB44-3EDD6E11D853}.Release|Any CPU.Build.0 = Release|Any CPU
		{2A64DBAD-BE0E-4379-9A37-0A083A78347B}.Debug|Any CPU.ActiveCfg = Debug|Any CPU
		{2A64DBAD-BE0E-4379-9A37-0A083A78347B}.Debug|Any CPU.Build.0 = Debug|Any CPU
		{2A64DBAD-BE0E-4379-9A37-0A083A78347B}.Release|Any CPU.ActiveCfg = Release|Any CPU
		{2A64DBAD-BE0E-4379-9A37-0A083A78347B}.Release|Any CPU.Build.0 = Release|Any CPU
		{AE59AF67-4F6A-4EF7-9AB7-ACD7639C3139}.Debug|Any CPU.ActiveCfg = Debug|Any CPU
		{AE59AF67-4F6A-4EF7-9AB7-ACD7639C3139}.Debug|Any CPU.Build.0 = Debug|Any CPU
		{AE59AF67-4F6A-4EF7-9AB7-ACD7639C3139}.Release|Any CPU.ActiveCfg = Release|Any CPU
		{AE59AF67-4F6A-4EF7-9AB7-ACD7639C3139}.Release|Any CPU.Build.0 = Release|Any CPU
		{C4927C11-B8CD-43C1-B3CF-A5227F318DCB}.Debug|Any CPU.ActiveCfg = Debug|Any CPU
		{C4927C11-B8CD-43C1-B3CF-A5227F318DCB}.Debug|Any CPU.Build.0 = Debug|Any CPU
		{C4927C11-B8CD-43C1-B3CF-A5227F318DCB}.Release|Any CPU.ActiveCfg = Release|Any CPU
		{C4927C11-B8CD-43C1-B3CF-A5227F318DCB}.Release|Any CPU.Build.0 = Release|Any CPU
		{78820D39-5896-42B6-87DC-6BBD943BC1D0}.Debug|Any CPU.ActiveCfg = Debug|Any CPU
		{78820D39-5896-42B6-87DC-6BBD943BC1D0}.Debug|Any CPU.Build.0 = Debug|Any CPU
		{78820D39-5896-42B6-87DC-6BBD943BC1D0}.Release|Any CPU.ActiveCfg = Release|Any CPU
		{78820D39-5896-42B6-87DC-6BBD943BC1D0}.Release|Any CPU.Build.0 = Release|Any CPU
		{59B12579-9377-4E5D-8783-2F308EA2566A}.Debug|Any CPU.ActiveCfg = Debug|Any CPU
		{59B12579-9377-4E5D-8783-2F308EA2566A}.Debug|Any CPU.Build.0 = Debug|Any CPU
		{59B12579-9377-4E5D-8783-2F308EA2566A}.Release|Any CPU.ActiveCfg = Release|Any CPU
		{59B12579-9377-4E5D-8783-2F308EA2566A}.Release|Any CPU.Build.0 = Release|Any CPU
		{412C28F3-C7EA-4EAB-AF10-C8F99E03DA26}.Debug|Any CPU.ActiveCfg = Debug|Any CPU
		{412C28F3-C7EA-4EAB-AF10-C8F99E03DA26}.Debug|Any CPU.Build.0 = Debug|Any CPU
		{412C28F3-C7EA-4EAB-AF10-C8F99E03DA26}.Release|Any CPU.ActiveCfg = Release|Any CPU
		{412C28F3-C7EA-4EAB-AF10-C8F99E03DA26}.Release|Any CPU.Build.0 = Release|Any CPU
		{DA08453C-D101-4A34-9893-D36BC8B41B22}.Debug|Any CPU.ActiveCfg = Debug|Any CPU
		{DA08453C-D101-4A34-9893-D36BC8B41B22}.Debug|Any CPU.Build.0 = Debug|Any CPU
		{DA08453C-D101-4A34-9893-D36BC8B41B22}.Release|Any CPU.ActiveCfg = Release|Any CPU
		{DA08453C-D101-4A34-9893-D36BC8B41B22}.Release|Any CPU.Build.0 = Release|Any CPU
	EndGlobalSection
	GlobalSection(SolutionProperties) = preSolution
		HideSolutionNode = FALSE
	EndGlobalSection
	GlobalSection(NestedProjects) = preSolution
		{CFB1F51C-A258-4222-8E43-9E3873D496A0} = {4E1285FC-21DC-4F7E-981B-79F3BB923C9E}
		{1680655E-494A-43D4-AB44-3EDD6E11D853} = {4E1285FC-21DC-4F7E-981B-79F3BB923C9E}
		{2A64DBAD-BE0E-4379-9A37-0A083A78347B} = {4E1285FC-21DC-4F7E-981B-79F3BB923C9E}
		{AE59AF67-4F6A-4EF7-9AB7-ACD7639C3139} = {4E1285FC-21DC-4F7E-981B-79F3BB923C9E}
	EndGlobalSection
	GlobalSection(ExtensibilityGlobals) = postSolution
		SolutionGuid = {FBE8A84D-8E73-4519-BE0F-B52217D8047A}
	EndGlobalSection
EndGlobal
